
Microsoft Visual Studio Solution File, Format Version 12.00
# Visual Studio Version 16
VisualStudioVersion = 16.0.29326.143
MinimumVisualStudioVersion = 10.0.40219.1
Project("{9A19103F-16F7-4668-BE54-9A1E7A4F7556}") = "HNM.WebApiNC", "HNM.WebApiNC\HNM.WebApiNC.csproj", "{B369CBA0-D088-44D6-9D5C-770FAB23607A}"
EndProject
Project("{9A19103F-16F7-4668-BE54-9A1E7A4F7556}") = "HNM.DataNC", "HNM.DataNC\HNM.DataNC.csproj", "{98B5FD34-4D9B-4069-ADDB-523D18BD576E}"
EndProject
Project("{9A19103F-16F7-4668-BE54-9A1E7A4F7556}") = "HNM.RepositoriesNC", "HNM.RepositoriesNC\HNM.RepositoriesNC.csproj", "{245EE711-48C4-4EEB-8DC0-FCED635AB2C7}"
EndProject
Project("{9A19103F-16F7-4668-BE54-9A1E7A4F7556}") = "CMS_V3", "CMS_V3\CMS_V3.csproj", "{DD9F71B7-646F-4804-9A1D-83194EFE1598}"
EndProject
Project("{9A19103F-16F7-4668-BE54-9A1E7A4F7556}") = "HNM.CommonNC", "HNM.CommonNC\HNM.CommonNC.csproj", "{CCFCF234-F703-43FD-815F-4137D37F6C98}"
EndProject
Project("{9A19103F-16F7-4668-BE54-9A1E7A4F7556}") = "HNM.RepositoriesWeb", "HNM.RepositoriesWeb\HNM.RepositoriesWeb.csproj", "{E32013EC-37E0-4E88-AD4C-399438E809B8}"
EndProject
Project("{FAE04EC0-301F-11D3-BF4B-00C04F79EFBC}") = "HNM.Common", "HNM.Common\HNM.Common.csproj", "{4C2750C9-EB67-40D8-99CB-714257721116}"
EndProject
Global
	GlobalSection(SolutionConfigurationPlatforms) = preSolution
		Debug|Any CPU = Debug|Any CPU
		Debug|Mixed Platforms = Debug|Mixed Platforms
		Debug|x86 = Debug|x86
		Release|Any CPU = Release|Any CPU
		Release|Mixed Platforms = Release|Mixed Platforms
		Release|x86 = Release|x86
	EndGlobalSection
	GlobalSection(ProjectConfigurationPlatforms) = postSolution
		{B369CBA0-D088-44D6-9D5C-770FAB23607A}.Debug|Any CPU.ActiveCfg = Debug|Any CPU
		{B369CBA0-D088-44D6-9D5C-770FAB23607A}.Debug|Any CPU.Build.0 = Debug|Any CPU
		{B369CBA0-D088-44D6-9D5C-770FAB23607A}.Debug|Mixed Platforms.ActiveCfg = Debug|Any CPU
		{B369CBA0-D088-44D6-9D5C-770FAB23607A}.Debug|Mixed Platforms.Build.0 = Debug|Any CPU
		{B369CBA0-D088-44D6-9D5C-770FAB23607A}.Debug|x86.ActiveCfg = Debug|Any CPU
		{B369CBA0-D088-44D6-9D5C-770FAB23607A}.Debug|x86.Build.0 = Debug|Any CPU
		{B369CBA0-D088-44D6-9D5C-770FAB23607A}.Release|Any CPU.ActiveCfg = Release|Any CPU
		{B369CBA0-D088-44D6-9D5C-770FAB23607A}.Release|Any CPU.Build.0 = Release|Any CPU
		{B369CBA0-D088-44D6-9D5C-770FAB23607A}.Release|Mixed Platforms.ActiveCfg = Release|Any CPU
		{B369CBA0-D088-44D6-9D5C-770FAB23607A}.Release|Mixed Platforms.Build.0 = Release|Any CPU
		{B369CBA0-D088-44D6-9D5C-770FAB23607A}.Release|x86.ActiveCfg = Release|Any CPU
		{B369CBA0-D088-44D6-9D5C-770FAB23607A}.Release|x86.Build.0 = Release|Any CPU
		{98B5FD34-4D9B-4069-ADDB-523D18BD576E}.Debug|Any CPU.ActiveCfg = Debug|Any CPU
		{98B5FD34-4D9B-4069-ADDB-523D18BD576E}.Debug|Any CPU.Build.0 = Debug|Any CPU
		{98B5FD34-4D9B-4069-ADDB-523D18BD576E}.Debug|Mixed Platforms.ActiveCfg = Debug|Any CPU
		{98B5FD34-4D9B-4069-ADDB-523D18BD576E}.Debug|Mixed Platforms.Build.0 = Debug|Any CPU
		{98B5FD34-4D9B-4069-ADDB-523D18BD576E}.Debug|x86.ActiveCfg = Debug|Any CPU
		{98B5FD34-4D9B-4069-ADDB-523D18BD576E}.Debug|x86.Build.0 = Debug|Any CPU
		{98B5FD34-4D9B-4069-ADDB-523D18BD576E}.Release|Any CPU.ActiveCfg = Release|Any CPU
		{98B5FD34-4D9B-4069-ADDB-523D18BD576E}.Release|Any CPU.Build.0 = Release|Any CPU
		{98B5FD34-4D9B-4069-ADDB-523D18BD576E}.Release|Mixed Platforms.ActiveCfg = Release|Any CPU
		{98B5FD34-4D9B-4069-ADDB-523D18BD576E}.Release|Mixed Platforms.Build.0 = Release|Any CPU
		{98B5FD34-4D9B-4069-ADDB-523D18BD576E}.Release|x86.ActiveCfg = Release|Any CPU
		{98B5FD34-4D9B-4069-ADDB-523D18BD576E}.Release|x86.Build.0 = Release|Any CPU
		{245EE711-48C4-4EEB-8DC0-FCED635AB2C7}.Debug|Any CPU.ActiveCfg = Debug|Any CPU
		{245EE711-48C4-4EEB-8DC0-FCED635AB2C7}.Debug|Any CPU.Build.0 = Debug|Any CPU
		{245EE711-48C4-4EEB-8DC0-FCED635AB2C7}.Debug|Mixed Platforms.ActiveCfg = Debug|Any CPU
		{245EE711-48C4-4EEB-8DC0-FCED635AB2C7}.Debug|Mixed Platforms.Build.0 = Debug|Any CPU
		{245EE711-48C4-4EEB-8DC0-FCED635AB2C7}.Debug|x86.ActiveCfg = Debug|Any CPU
		{245EE711-48C4-4EEB-8DC0-FCED635AB2C7}.Debug|x86.Build.0 = Debug|Any CPU
		{245EE711-48C4-4EEB-8DC0-FCED635AB2C7}.Release|Any CPU.ActiveCfg = Release|Any CPU
		{245EE711-48C4-4EEB-8DC0-FCED635AB2C7}.Release|Any CPU.Build.0 = Release|Any CPU
		{245EE711-48C4-4EEB-8DC0-FCED635AB2C7}.Release|Mixed Platforms.ActiveCfg = Release|Any CPU
		{245EE711-48C4-4EEB-8DC0-FCED635AB2C7}.Release|Mixed Platforms.Build.0 = Release|Any CPU
		{245EE711-48C4-4EEB-8DC0-FCED635AB2C7}.Release|x86.ActiveCfg = Release|Any CPU
		{245EE711-48C4-4EEB-8DC0-FCED635AB2C7}.Release|x86.Build.0 = Release|Any CPU
		{DD9F71B7-646F-4804-9A1D-83194EFE1598}.Debug|Any CPU.ActiveCfg = Debug|Any CPU
		{DD9F71B7-646F-4804-9A1D-83194EFE1598}.Debug|Any CPU.Build.0 = Debug|Any CPU
		{DD9F71B7-646F-4804-9A1D-83194EFE1598}.Debug|Mixed Platforms.ActiveCfg = Debug|Any CPU
		{DD9F71B7-646F-4804-9A1D-83194EFE1598}.Debug|Mixed Platforms.Build.0 = Debug|Any CPU
		{DD9F71B7-646F-4804-9A1D-83194EFE1598}.Debug|x86.ActiveCfg = Debug|Any CPU
		{DD9F71B7-646F-4804-9A1D-83194EFE1598}.Debug|x86.Build.0 = Debug|Any CPU
		{DD9F71B7-646F-4804-9A1D-83194EFE1598}.Release|Any CPU.ActiveCfg = Release|Any CPU
		{DD9F71B7-646F-4804-9A1D-83194EFE1598}.Release|Any CPU.Build.0 = Release|Any CPU
		{DD9F71B7-646F-4804-9A1D-83194EFE1598}.Release|Mixed Platforms.ActiveCfg = Release|Any CPU
		{DD9F71B7-646F-4804-9A1D-83194EFE1598}.Release|Mixed Platforms.Build.0 = Release|Any CPU
		{DD9F71B7-646F-4804-9A1D-83194EFE1598}.Release|x86.ActiveCfg = Release|Any CPU
		{DD9F71B7-646F-4804-9A1D-83194EFE1598}.Release|x86.Build.0 = Release|Any CPU
		{CCFCF234-F703-43FD-815F-4137D37F6C98}.Debug|Any CPU.ActiveCfg = Debug|Any CPU
		{CCFCF234-F703-43FD-815F-4137D37F6C98}.Debug|Any CPU.Build.0 = Debug|Any CPU
		{CCFCF234-F703-43FD-815F-4137D37F6C98}.Debug|Mixed Platforms.ActiveCfg = Debug|Any CPU
		{CCFCF234-F703-43FD-815F-4137D37F6C98}.Debug|Mixed Platforms.Build.0 = Debug|Any CPU
		{CCFCF234-F703-43FD-815F-4137D37F6C98}.Debug|x86.ActiveCfg = Debug|Any CPU
		{CCFCF234-F703-43FD-815F-4137D37F6C98}.Debug|x86.Build.0 = Debug|Any CPU
		{CCFCF234-F703-43FD-815F-4137D37F6C98}.Release|Any CPU.ActiveCfg = Release|Any CPU
		{CCFCF234-F703-43FD-815F-4137D37F6C98}.Release|Any CPU.Build.0 = Release|Any CPU
		{CCFCF234-F703-43FD-815F-4137D37F6C98}.Release|Mixed Platforms.ActiveCfg = Release|Any CPU
		{CCFCF234-F703-43FD-815F-4137D37F6C98}.Release|Mixed Platforms.Build.0 = Release|Any CPU
		{CCFCF234-F703-43FD-815F-4137D37F6C98}.Release|x86.ActiveCfg = Release|Any CPU
		{CCFCF234-F703-43FD-815F-4137D37F6C98}.Release|x86.Build.0 = Release|Any CPU
		{E32013EC-37E0-4E88-AD4C-399438E809B8}.Debug|Any CPU.ActiveCfg = Debug|Any CPU
		{E32013EC-37E0-4E88-AD4C-399438E809B8}.Debug|Any CPU.Build.0 = Debug|Any CPU
		{E32013EC-37E0-4E88-AD4C-399438E809B8}.Debug|Mixed Platforms.ActiveCfg = Debug|Any CPU
		{E32013EC-37E0-4E88-AD4C-399438E809B8}.Debug|Mixed Platforms.Build.0 = Debug|Any CPU
		{E32013EC-37E0-4E88-AD4C-399438E809B8}.Debug|x86.ActiveCfg = Debug|Any CPU
		{E32013EC-37E0-4E88-AD4C-399438E809B8}.Debug|x86.Build.0 = Debug|Any CPU
		{E32013EC-37E0-4E88-AD4C-399438E809B8}.Release|Any CPU.ActiveCfg = Release|Any CPU
		{E32013EC-37E0-4E88-AD4C-399438E809B8}.Release|Any CPU.Build.0 = Release|Any CPU
		{E32013EC-37E0-4E88-AD4C-399438E809B8}.Release|Mixed Platforms.ActiveCfg = Release|Any CPU
		{E32013EC-37E0-4E88-AD4C-399438E809B8}.Release|Mixed Platforms.Build.0 = Release|Any CPU
		{E32013EC-37E0-4E88-AD4C-399438E809B8}.Release|x86.ActiveCfg = Release|Any CPU
		{E32013EC-37E0-4E88-AD4C-399438E809B8}.Release|x86.Build.0 = Release|Any CPU
		{4C2750C9-EB67-40D8-99CB-714257721116}.Debug|Any CPU.ActiveCfg = Debug|Any CPU
		{4C2750C9-EB67-40D8-99CB-714257721116}.Debug|Any CPU.Build.0 = Debug|Any CPU
		{4C2750C9-EB67-40D8-99CB-714257721116}.Debug|Mixed Platforms.ActiveCfg = Debug|Any CPU
		{4C2750C9-EB67-40D8-99CB-714257721116}.Debug|Mixed Platforms.Build.0 = Debug|Any CPU
		{4C2750C9-EB67-40D8-99CB-714257721116}.Debug|x86.ActiveCfg = Debug|Any CPU
		{4C2750C9-EB67-40D8-99CB-714257721116}.Debug|x86.Build.0 = Debug|Any CPU
		{4C2750C9-EB67-40D8-99CB-714257721116}.Release|Any CPU.ActiveCfg = Release|Any CPU
		{4C2750C9-EB67-40D8-99CB-714257721116}.Release|Any CPU.Build.0 = Release|Any CPU
		{4C2750C9-EB67-40D8-99CB-714257721116}.Release|Mixed Platforms.ActiveCfg = Release|Any CPU
		{4C2750C9-EB67-40D8-99CB-714257721116}.Release|Mixed Platforms.Build.0 = Release|Any CPU
		{4C2750C9-EB67-40D8-99CB-714257721116}.Release|x86.ActiveCfg = Release|Any CPU
		{4C2750C9-EB67-40D8-99CB-714257721116}.Release|x86.Build.0 = Release|Any CPU
	EndGlobalSection
	GlobalSection(SolutionProperties) = preSolution
		HideSolutionNode = FALSE
	EndGlobalSection
	GlobalSection(ExtensibilityGlobals) = postSolution
		SolutionGuid = {F659EA5F-7F1D-4A84-A97B-3B4FB2961818}
		VisualSVNWorkingCopyRoot = .
	EndGlobalSection
EndGlobal
